
Microsoft Visual Studio Solution File, Format Version 12.00
# Visual Studio Version 17
VisualStudioVersion = 17.9.34728.123
MinimumVisualStudioVersion = 10.0.40219.1
Project("{FAE04EC0-301F-11D3-BF4B-00C04F79EFBC}") = "ArraysinCSharp", "ArraysinCSharp\ArraysinCSharp.csproj", "{F637B0BE-462B-4A56-AAB8-9CD5DD14B98C}"
EndProject
Global
	GlobalSection(SolutionConfigurationPlatforms) = preSolution
		Debug|Any CPU = Debug|Any CPU
		Release|Any CPU = Release|Any CPU
	EndGlobalSection
	GlobalSection(ProjectConfigurationPlatforms) = postSolution
		{F637B0BE-462B-4A56-AAB8-9CD5DD14B98C}.Debug|Any CPU.ActiveCfg = Debug|Any CPU
		{F637B0BE-462B-4A56-AAB8-9CD5DD14B98C}.Debug|Any CPU.Build.0 = Debug|Any CPU
		{F637B0BE-462B-4A56-AAB8-9CD5DD14B98C}.Release|Any CPU.ActiveCfg = Release|Any CPU
		{F637B0BE-462B-4A56-AAB8-9CD5DD14B98C}.Release|Any CPU.Build.0 = Release|Any CPU
	EndGlobalSection
	GlobalSection(SolutionProperties) = preSolution
		HideSolutionNode = FALSE
	EndGlobalSection
	GlobalSection(ExtensibilityGlobals) = postSolution
		SolutionGuid = {4D8B2A27-EFC1-4C8D-A272-3C59D01BD4E6}
	EndGlobalSection
EndGlobal
